// !$*UTF8*$!
{
	archiveVersion = 1;
	classes = {
	};
	objectVersion = 50;
	objects = {

/* Begin PBXBuildFile section */
		3F598C9F25D19DB100AFDEDD /* Assignment_NotebookApp.swift in Sources */ = {isa = PBXBuildFile; fileRef = 3F598C9E25D19DB100AFDEDD /* Assignment_NotebookApp.swift */; };
		3F598CA125D19DB100AFDEDD /* ContentView.swift in Sources */ = {isa = PBXBuildFile; fileRef = 3F598CA025D19DB100AFDEDD /* ContentView.swift */; };
		3F598CA325D19DB700AFDEDD /* Assets.xcassets in Resources */ = {isa = PBXBuildFile; fileRef = 3F598CA225D19DB700AFDEDD /* Assets.xcassets */; };
		3F598CA625D19DB700AFDEDD /* Preview Assets.xcassets in Resources */ = {isa = PBXBuildFile; fileRef = 3F598CA525D19DB700AFDEDD /* Preview Assets.xcassets */; };
		3F598CB125D19DB800AFDEDD /* Assignment_NotebookTests.swift in Sources */ = {isa = PBXBuildFile; fileRef = 3F598CB025D19DB800AFDEDD /* Assignment_NotebookTests.swift */; };
		3F598CBC25D19DB800AFDEDD /* Assignment_NotebookUITests.swift in Sources */ = {isa = PBXBuildFile; fileRef = 3F598CBB25D19DB800AFDEDD /* Assignment_NotebookUITests.swift */; };
		3F598CCD25D2ECDE00AFDEDD /* AssignmentList.swift in Sources */ = {isa = PBXBuildFile; fileRef = 3F598CCC25D2ECDE00AFDEDD /* AssignmentList.swift */; };
		3F598CD225D2F04400AFDEDD /* AddAssignmentView.swift in Sources */ = {isa = PBXBuildFile; fileRef = 3F598CD125D2F04400AFDEDD /* AddAssignmentView.swift */; };
/* End PBXBuildFile section */

/* Begin PBXContainerItemProxy section */
		3F598CAD25D19DB800AFDEDD /* PBXContainerItemProxy */ = {
			isa = PBXContainerItemProxy;
			containerPortal = 3F598C9325D19DB000AFDEDD /* Project object */;
			proxyType = 1;
			remoteGlobalIDString = 3F598C9A25D19DB000AFDEDD;
			remoteInfo = "Assignment Notebook";
		};
		3F598CB825D19DB800AFDEDD /* PBXContainerItemProxy */ = {
			isa = PBXContainerItemProxy;
			containerPortal = 3F598C9325D19DB000AFDEDD /* Project object */;
			proxyType = 1;
			remoteGlobalIDString = 3F598C9A25D19DB000AFDEDD;
			remoteInfo = "Assignment Notebook";
		};
/* End PBXContainerItemProxy section */

/* Begin PBXFileReference section */
		3F598C9B25D19DB100AFDEDD /* Assignment Notebook.app */ = {isa = PBXFileReference; explicitFileType = wrapper.application; includeInIndex = 0; path = "Assignment Notebook.app"; sourceTree = BUILT_PRODUCTS_DIR; };
		3F598C9E25D19DB100AFDEDD /* Assignment_NotebookApp.swift */ = {isa = PBXFileReference; lastKnownFileType = sourcecode.swift; path = Assignment_NotebookApp.swift; sourceTree = "<group>"; };
		3F598CA025D19DB100AFDEDD /* ContentView.swift */ = {isa = PBXFileReference; lastKnownFileType = sourcecode.swift; path = ContentView.swift; sourceTree = "<group>"; };
		3F598CA225D19DB700AFDEDD /* Assets.xcassets */ = {isa = PBXFileReference; lastKnownFileType = folder.assetcatalog; path = Assets.xcassets; sourceTree = "<group>"; };
		3F598CA525D19DB700AFDEDD /* Preview Assets.xcassets */ = {isa = PBXFileReference; lastKnownFileType = folder.assetcatalog; path = "Preview Assets.xcassets"; sourceTree = "<group>"; };
		3F598CA725D19DB700AFDEDD /* Info.plist */ = {isa = PBXFileReference; lastKnownFileType = text.plist.xml; path = Info.plist; sourceTree = "<group>"; };
		3F598CAC25D19DB800AFDEDD /* Assignment NotebookTests.xctest */ = {isa = PBXFileReference; explicitFileType = wrapper.cfbundle; includeInIndex = 0; path = "Assignment NotebookTests.xctest"; sourceTree = BUILT_PRODUCTS_DIR; };
		3F598CB025D19DB800AFDEDD /* Assignment_NotebookTests.swift */ = {isa = PBXFileReference; lastKnownFileType = sourcecode.swift; path = Assignment_NotebookTests.swift; sourceTree = "<group>"; };
		3F598CB225D19DB800AFDEDD /* Info.plist */ = {isa = PBXFileReference; lastKnownFileType = text.plist.xml; path = Info.plist; sourceTree = "<group>"; };
		3F598CB725D19DB800AFDEDD /* Assignment NotebookUITests.xctest */ = {isa = PBXFileReference; explicitFileType = wrapper.cfbundle; includeInIndex = 0; path = "Assignment NotebookUITests.xctest"; sourceTree = BUILT_PRODUCTS_DIR; };
		3F598CBB25D19DB800AFDEDD /* Assignment_NotebookUITests.swift */ = {isa = PBXFileReference; lastKnownFileType = sourcecode.swift; path = Assignment_NotebookUITests.swift; sourceTree = "<group>"; };
		3F598CBD25D19DB800AFDEDD /* Info.plist */ = {isa = PBXFileReference; lastKnownFileType = text.plist.xml; path = Info.plist; sourceTree = "<group>"; };
		3F598CCC25D2ECDE00AFDEDD /* AssignmentList.swift */ = {isa = PBXFileReference; lastKnownFileType = sourcecode.swift; path = AssignmentList.swift; sourceTree = "<group>"; };
		3F598CD125D2F04400AFDEDD /* AddAssignmentView.swift */ = {isa = PBXFileReference; lastKnownFileType = sourcecode.swift; path = AddAssignmentView.swift; sourceTree = "<group>"; };
/* End PBXFileReference section */

/* Begin PBXFrameworksBuildPhase section */
		3F598C9825D19DB000AFDEDD /* Frameworks */ = {
			isa = PBXFrameworksBuildPhase;
			buildActionMask = 2147483647;
			files = (
			);
			runOnlyForDeploymentPostprocessing = 0;
		};
		3F598CA925D19DB800AFDEDD /* Frameworks */ = {
			isa = PBXFrameworksBuildPhase;
			buildActionMask = 2147483647;
			files = (
			);
			runOnlyForDeploymentPostprocessing = 0;
		};
		3F598CB425D19DB800AFDEDD /* Frameworks */ = {
			isa = PBXFrameworksBuildPhase;
			buildActionMask = 2147483647;
			files = (
			);
			runOnlyForDeploymentPostprocessing = 0;
		};
/* End PBXFrameworksBuildPhase section */

/* Begin PBXGroup section */
		3F598C9225D19DB000AFDEDD = {
			isa = PBXGroup;
			children = (
				3F598C9D25D19DB100AFDEDD /* Assignment Notebook */,
				3F598CAF25D19DB800AFDEDD /* Assignment NotebookTests */,
				3F598CBA25D19DB800AFDEDD /* Assignment NotebookUITests */,
				3F598C9C25D19DB100AFDEDD /* Products */,
			);
			sourceTree = "<group>";
		};
		3F598C9C25D19DB100AFDEDD /* Products */ = {
			isa = PBXGroup;
			children = (
				3F598C9B25D19DB100AFDEDD /* Assignment Notebook.app */,
				3F598CAC25D19DB800AFDEDD /* Assignment NotebookTests.xctest */,
				3F598CB725D19DB800AFDEDD /* Assignment NotebookUITests.xctest */,
			);
			name = Products;
			sourceTree = "<group>";
		};
		3F598C9D25D19DB100AFDEDD /* Assignment Notebook */ = {
			isa = PBXGroup;
			children = (
				3F598C9E25D19DB100AFDEDD /* Assignment_NotebookApp.swift */,
				3F598CA025D19DB100AFDEDD /* ContentView.swift */,
				3F598CD125D2F04400AFDEDD /* AddAssignmentView.swift */,
				3F598CCC25D2ECDE00AFDEDD /* AssignmentList.swift */,
				3F598CA225D19DB700AFDEDD /* Assets.xcassets */,
				3F598CA725D19DB700AFDEDD /* Info.plist */,
				3F598CA425D19DB700AFDEDD /* Preview Content */,
			);
			path = "Assignment Notebook";
			sourceTree = "<group>";
		};
		3F598CA425D19DB700AFDEDD /* Preview Content */ = {
			isa = PBXGroup;
			children = (
				3F598CA525D19DB700AFDEDD /* Preview Assets.xcassets */,
			);
			path = "Preview Content";
			sourceTree = "<group>";
		};
		3F598CAF25D19DB800AFDEDD /* Assignment NotebookTests */ = {
			isa = PBXGroup;
			children = (
				3F598CB025D19DB800AFDEDD /* Assignment_NotebookTests.swift */,
				3F598CB225D19DB800AFDEDD /* Info.plist */,
			);
			path = "Assignment NotebookTests";
			sourceTree = "<group>";
		};
		3F598CBA25D19DB800AFDEDD /* Assignment NotebookUITests */ = {
			isa = PBXGroup;
			children = (
				3F598CBB25D19DB800AFDEDD /* Assignment_NotebookUITests.swift */,
				3F598CBD25D19DB800AFDEDD /* Info.plist */,
			);
			path = "Assignment NotebookUITests";
			sourceTree = "<group>";
		};
/* End PBXGroup section */

/* Begin PBXNativeTarget section */
		3F598C9A25D19DB000AFDEDD /* Assignment Notebook */ = {
			isa = PBXNativeTarget;
			buildConfigurationList = 3F598CC025D19DB800AFDEDD /* Build configuration list for PBXNativeTarget "Assignment Notebook" */;
			buildPhases = (
				3F598C9725D19DB000AFDEDD /* Sources */,
				3F598C9825D19DB000AFDEDD /* Frameworks */,
				3F598C9925D19DB000AFDEDD /* Resources */,
			);
			buildRules = (
			);
			dependencies = (
			);
			name = "Assignment Notebook";
			productName = "Assignment Notebook";
			productReference = 3F598C9B25D19DB100AFDEDD /* Assignment Notebook.app */;
			productType = "com.apple.product-type.application";
		};
		3F598CAB25D19DB800AFDEDD /* Assignment NotebookTests */ = {
			isa = PBXNativeTarget;
			buildConfigurationList = 3F598CC325D19DB800AFDEDD /* Build configuration list for PBXNativeTarget "Assignment NotebookTests" */;
			buildPhases = (
				3F598CA825D19DB800AFDEDD /* Sources */,
				3F598CA925D19DB800AFDEDD /* Frameworks */,
				3F598CAA25D19DB800AFDEDD /* Resources */,
			);
			buildRules = (
			);
			dependencies = (
				3F598CAE25D19DB800AFDEDD /* PBXTargetDependency */,
			);
			name = "Assignment NotebookTests";
			productName = "Assignment NotebookTests";
			productReference = 3F598CAC25D19DB800AFDEDD /* Assignment NotebookTests.xctest */;
			productType = "com.apple.product-type.bundle.unit-test";
		};
		3F598CB625D19DB800AFDEDD /* Assignment NotebookUITests */ = {
			isa = PBXNativeTarget;
			buildConfigurationList = 3F598CC625D19DB800AFDEDD /* Build configuration list for PBXNativeTarget "Assignment NotebookUITests" */;
			buildPhases = (
				3F598CB325D19DB800AFDEDD /* Sources */,
				3F598CB425D19DB800AFDEDD /* Frameworks */,
				3F598CB525D19DB800AFDEDD /* Resources */,
			);
			buildRules = (
			);
			dependencies = (
				3F598CB925D19DB800AFDEDD /* PBXTargetDependency */,
			);
			name = "Assignment NotebookUITests";
			productName = "Assignment NotebookUITests";
			productReference = 3F598CB725D19DB800AFDEDD /* Assignment NotebookUITests.xctest */;
			productType = "com.apple.product-type.bundle.ui-testing";
		};
/* End PBXNativeTarget section */

/* Begin PBXProject section */
		3F598C9325D19DB000AFDEDD /* Project object */ = {
			isa = PBXProject;
			attributes = {
				LastSwiftUpdateCheck = 1230;
				LastUpgradeCheck = 1230;
				TargetAttributes = {
					3F598C9A25D19DB000AFDEDD = {
						CreatedOnToolsVersion = 12.3;
					};
					3F598CAB25D19DB800AFDEDD = {
						CreatedOnToolsVersion = 12.3;
						TestTargetID = 3F598C9A25D19DB000AFDEDD;
					};
					3F598CB625D19DB800AFDEDD = {
						CreatedOnToolsVersion = 12.3;
						TestTargetID = 3F598C9A25D19DB000AFDEDD;
					};
				};
			};
			buildConfigurationList = 3F598C9625D19DB000AFDEDD /* Build configuration list for PBXProject "Assignment Notebook" */;
			compatibilityVersion = "Xcode 9.3";
			developmentRegion = en;
			hasScannedForEncodings = 0;
			knownRegions = (
				en,
				Base,
			);
			mainGroup = 3F598C9225D19DB000AFDEDD;
			productRefGroup = 3F598C9C25D19DB100AFDEDD /* Products */;
			projectDirPath = "";
			projectRoot = "";
			targets = (
				3F598C9A25D19DB000AFDEDD /* Assignment Notebook */,
				3F598CAB25D19DB800AFDEDD /* Assignment NotebookTests */,
				3F598CB625D19DB800AFDEDD /* Assignment NotebookUITests */,
			);
		};
/* End PBXProject section */

/* Begin PBXResourcesBuildPhase section */
		3F598C9925D19DB000AFDEDD /* Resources */ = {
			isa = PBXResourcesBuildPhase;
			buildActionMask = 2147483647;
			files = (
				3F598CA625D19DB700AFDEDD /* Preview Assets.xcassets in Resources */,
				3F598CA325D19DB700AFDEDD /* Assets.xcassets in Resources */,
			);
			runOnlyForDeploymentPostprocessing = 0;
		};
		3F598CAA25D19DB800AFDEDD /* Resources */ = {
			isa = PBXResourcesBuildPhase;
			buildActionMask = 2147483647;
			files = (
			);
			runOnlyForDeploymentPostprocessing = 0;
		};
		3F598CB525D19DB800AFDEDD /* Resources */ = {
			isa = PBXResourcesBuildPhase;
			buildActionMask = 2147483647;
			files = (
			);
			runOnlyForDeploymentPostprocessing = 0;
		};
/* End PBXResourcesBuildPhase section */

/* Begin PBXSourcesBuildPhase section */
		3F598C9725D19DB000AFDEDD /* Sources */ = {
			isa = PBXSourcesBuildPhase;
			buildActionMask = 2147483647;
			files = (
				3F598CCD25D2ECDE00AFDEDD /* AssignmentList.swift in Sources */,
				3F598CA125D19DB100AFDEDD /* ContentView.swift in Sources */,
				3F598C9F25D19DB100AFDEDD /* Assignment_NotebookApp.swift in Sources */,
				3F598CD225D2F04400AFDEDD /* AddAssignmentView.swift in Sources */,
			);
			runOnlyForDeploymentPostprocessing = 0;
		};
		3F598CA825D19DB800AFDEDD /* Sources */ = {
			isa = PBXSourcesBuildPhase;
			buildActionMask = 2147483647;
			files = (
				3F598CB125D19DB800AFDEDD /* Assignment_NotebookTests.swift in Sources */,
			);
			runOnlyForDeploymentPostprocessing = 0;
		};
		3F598CB325D19DB800AFDEDD /* Sources */ = {
			isa = PBXSourcesBuildPhase;
			buildActionMask = 2147483647;
			files = (
				3F598CBC25D19DB800AFDEDD /* Assignment_NotebookUITests.swift in Sources */,
			);
			runOnlyForDeploymentPostprocessing = 0;
		};
/* End PBXSourcesBuildPhase section */

/* Begin PBXTargetDependency section */
		3F598CAE25D19DB800AFDEDD /* PBXTargetDependency */ = {
			isa = PBXTargetDependency;
			target = 3F598C9A25D19DB000AFDEDD /* Assignment Notebook */;
			targetProxy = 3F598CAD25D19DB800AFDEDD /* PBXContainerItemProxy */;
		};
		3F598CB925D19DB800AFDEDD /* PBXTargetDependency */ = {
			isa = PBXTargetDependency;
			target = 3F598C9A25D19DB000AFDEDD /* Assignment Notebook */;
			targetProxy = 3F598CB825D19DB800AFDEDD /* PBXContainerItemProxy */;
		};
/* End PBXTargetDependency section */

/* Begin XCBuildConfiguration section */
		3F598CBE25D19DB800AFDEDD /* Debug */ = {
			isa = XCBuildConfiguration;
			buildSettings = {
				ALWAYS_SEARCH_USER_PATHS = NO;
				CLANG_ANALYZER_NONNULL = YES;
				CLANG_ANALYZER_NUMBER_OBJECT_CONVERSION = YES_AGGRESSIVE;
				CLANG_CXX_LANGUAGE_STANDARD = "gnu++14";
				CLANG_CXX_LIBRARY = "libc++";
				CLANG_ENABLE_MODULES = YES;
				CLANG_ENABLE_OBJC_ARC = YES;
				CLANG_ENABLE_OBJC_WEAK = YES;
				CLANG_WARN_BLOCK_CAPTURE_AUTORELEASING = YES;
				CLANG_WARN_BOOL_CONVERSION = YES;
				CLANG_WARN_COMMA = YES;
				CLANG_WARN_CONSTANT_CONVERSION = YES;
				CLANG_WARN_DEPRECATED_OBJC_IMPLEMENTATIONS = YES;
				CLANG_WARN_DIRECT_OBJC_ISA_USAGE = YES_ERROR;
				CLANG_WARN_DOCUMENTATION_COMMENTS = YES;
				CLANG_WARN_EMPTY_BODY = YES;
				CLANG_WARN_ENUM_CONVERSION = YES;
				CLANG_WARN_INFINITE_RECURSION = YES;
				CLANG_WARN_INT_CONVERSION = YES;
				CLANG_WARN_NON_LITERAL_NULL_CONVERSION = YES;
				CLANG_WARN_OBJC_IMPLICIT_RETAIN_SELF = YES;
				CLANG_WARN_OBJC_LITERAL_CONVERSION = YES;
				CLANG_WARN_OBJC_ROOT_CLASS = YES_ERROR;
				CLANG_WARN_QUOTED_INCLUDE_IN_FRAMEWORK_HEADER = YES;
				CLANG_WARN_RANGE_LOOP_ANALYSIS = YES;
				CLANG_WARN_STRICT_PROTOTYPES = YES;
				CLANG_WARN_SUSPICIOUS_MOVE = YES;
				CLANG_WARN_UNGUARDED_AVAILABILITY = YES_AGGRESSIVE;
				CLANG_WARN_UNREACHABLE_CODE = YES;
				CLANG_WARN__DUPLICATE_METHOD_MATCH = YES;
				COPY_PHASE_STRIP = NO;
				DEBUG_INFORMATION_FORMAT = dwarf;
				ENABLE_STRICT_OBJC_MSGSEND = YES;
				ENABLE_TESTABILITY = YES;
				GCC_C_LANGUAGE_STANDARD = gnu11;
				GCC_DYNAMIC_NO_PIC = NO;
				GCC_NO_COMMON_BLOCKS = YES;
				GCC_OPTIMIZATION_LEVEL = 0;
				GCC_PREPROCESSOR_DEFINITIONS = (
					"DEBUG=1",
					"$(inherited)",
				);
				GCC_WARN_64_TO_32_BIT_CONVERSION = YES;
				GCC_WARN_ABOUT_RETURN_TYPE = YES_ERROR;
				GCC_WARN_UNDECLARED_SELECTOR = YES;
				GCC_WARN_UNINITIALIZED_AUTOS = YES_AGGRESSIVE;
				GCC_WARN_UNUSED_FUNCTION = YES;
				GCC_WARN_UNUSED_VARIABLE = YES;
				IPHONEOS_DEPLOYMENT_TARGET = 14.3;
				MTL_ENABLE_DEBUG_INFO = INCLUDE_SOURCE;
				MTL_FAST_MATH = YES;
				ONLY_ACTIVE_ARCH = YES;
				SDKROOT = iphoneos;
				SWIFT_ACTIVE_COMPILATION_CONDITIONS = DEBUG;
				SWIFT_OPTIMIZATION_LEVEL = "-Onone";
			};
			name = Debug;
		};
		3F598CBF25D19DB800AFDEDD /* Release */ = {
			isa = XCBuildConfiguration;
			buildSettings = {
				ALWAYS_SEARCH_USER_PATHS = NO;
				CLANG_ANALYZER_NONNULL = YES;
				CLANG_ANALYZER_NUMBER_OBJECT_CONVERSION = YES_AGGRESSIVE;
				CLANG_CXX_LANGUAGE_STANDARD = "gnu++14";
				CLANG_CXX_LIBRARY = "libc++";
				CLANG_ENABLE_MODULES = YES;
				CLANG_ENABLE_OBJC_ARC = YES;
				CLANG_ENABLE_OBJC_WEAK = YES;
				CLANG_WARN_BLOCK_CAPTURE_AUTORELEASING = YES;
				CLANG_WARN_BOOL_CONVERSION = YES;
				CLANG_WARN_COMMA = YES;
				CLANG_WARN_CONSTANT_CONVERSION = YES;
				CLANG_WARN_DEPRECATED_OBJC_IMPLEMENTATIONS = YES;
				CLANG_WARN_DIRECT_OBJC_ISA_USAGE = YES_ERROR;
				CLANG_WARN_DOCUMENTATION_COMMENTS = YES;
				CLANG_WARN_EMPTY_BODY = YES;
				CLANG_WARN_ENUM_CONVERSION = YES;
				CLANG_WARN_INFINITE_RECURSION = YES;
				CLANG_WARN_INT_CONVERSION = YES;
				CLANG_WARN_NON_LITERAL_NULL_CONVERSION = YES;
				CLANG_WARN_OBJC_IMPLICIT_RETAIN_SELF = YES;
				CLANG_WARN_OBJC_LITERAL_CONVERSION = YES;
				CLANG_WARN_OBJC_ROOT_CLASS = YES_ERROR;
				CLANG_WARN_QUOTED_INCLUDE_IN_FRAMEWORK_HEADER = YES;
				CLANG_WARN_RANGE_LOOP_ANALYSIS = YES;
				CLANG_WARN_STRICT_PROTOTYPES = YES;
				CLANG_WARN_SUSPICIOUS_MOVE = YES;
				CLANG_WARN_UNGUARDED_AVAILABILITY = YES_AGGRESSIVE;
				CLANG_WARN_UNREACHABLE_CODE = YES;
				CLANG_WARN__DUPLICATE_METHOD_MATCH = YES;
				COPY_PHASE_STRIP = NO;
				DEBUG_INFORMATION_FORMAT = "dwarf-with-dsym";
				ENABLE_NS_ASSERTIONS = NO;
				ENABLE_STRICT_OBJC_MSGSEND = YES;
				GCC_C_LANGUAGE_STANDARD = gnu11;
				GCC_NO_COMMON_BLOCKS = YES;
				GCC_WARN_64_TO_32_BIT_CONVERSION = YES;
				GCC_WARN_ABOUT_RETURN_TYPE = YES_ERROR;
				GCC_WARN_UNDECLARED_SELECTOR = YES;
				GCC_WARN_UNINITIALIZED_AUTOS = YES_AGGRESSIVE;
				GCC_WARN_UNUSED_FUNCTION = YES;
				GCC_WARN_UNUSED_VARIABLE = YES;
				IPHONEOS_DEPLOYMENT_TARGET = 14.3;
				MTL_ENABLE_DEBUG_INFO = NO;
				MTL_FAST_MATH = YES;
				SDKROOT = iphoneos;
				SWIFT_COMPILATION_MODE = wholemodule;
				SWIFT_OPTIMIZATION_LEVEL = "-O";
				VALIDATE_PRODUCT = YES;
			};
			name = Release;
		};
		3F598CC125D19DB800AFDEDD /* Debug */ = {
			isa = XCBuildConfiguration;
			buildSettings = {
				ASSETCATALOG_COMPILER_APPICON_NAME = AppIcon;
				ASSETCATALOG_COMPILER_GLOBAL_ACCENT_COLOR_NAME = AccentColor;
				CODE_SIGN_STYLE = Automatic;
				DEVELOPMENT_ASSET_PATHS = "\"Assignment Notebook/Preview Content\"";
				DEVELOPMENT_TEAM = ZYV9QLBU33;
				ENABLE_PREVIEWS = YES;
				INFOPLIST_FILE = "Assignment Notebook/Info.plist";
				IPHONEOS_DEPLOYMENT_TARGET = 14.0;
				LD_RUNPATH_SEARCH_PATHS = (
					"$(inherited)",
					"@executable_path/Frameworks",
				);
				PRODUCT_BUNDLE_IDENTIFIER = "SIM.Assignment-Notebook";
				PRODUCT_NAME = "$(TARGET_NAME)";
				SWIFT_VERSION = 5.0;
				TARGETED_DEVICE_FAMILY = "1,2";
			};
			name = Debug;
		};
		3F598CC225D19DB800AFDEDD /* Release */ = {
			isa = XCBuildConfiguration;
			buildSettings = {
				ASSETCATALOG_COMPILER_APPICON_NAME = AppIcon;
				ASSETCATALOG_COMPILER_GLOBAL_ACCENT_COLOR_NAME = AccentColor;
				CODE_SIGN_STYLE = Automatic;
				DEVELOPMENT_ASSET_PATHS = "\"Assignment Notebook/Preview Content\"";
				DEVELOPMENT_TEAM = ZYV9QLBU33;
				ENABLE_PREVIEWS = YES;
				INFOPLIST_FILE = "Assignment Notebook/Info.plist";
				IPHONEOS_DEPLOYMENT_TARGET = 14.0;
				LD_RUNPATH_SEARCH_PATHS = (
					"$(inherited)",
					"@executable_path/Frameworks",
				);
				PRODUCT_BUNDLE_IDENTIFIER = "SIM.Assignment-Notebook";
				PRODUCT_NAME = "$(TARGET_NAME)";
				SWIFT_VERSION = 5.0;
				TARGETED_DEVICE_FAMILY = "1,2";
			};
			name = Release;
		};
		3F598CC425D19DB800AFDEDD /* Debug */ = {
			isa = XCBuildConfiguration;
			buildSettings = {
				ALWAYS_EMBED_SWIFT_STANDARD_LIBRARIES = YES;
				BUNDLE_LOADER = "$(TEST_HOST)";
				CODE_SIGN_STYLE = Automatic;
				DEVELOPMENT_TEAM = ZYV9QLBU33;
				INFOPLIST_FILE = "Assignment NotebookTests/Info.plist";
				IPHONEOS_DEPLOYMENT_TARGET = 14.0;
				LD_RUNPATH_SEARCH_PATHS = (
					"$(inherited)",
					"@executable_path/Frameworks",
					"@loader_path/Frameworks",
				);
				PRODUCT_BUNDLE_IDENTIFIER = "SIM.Assignment-NotebookTests";
				PRODUCT_NAME = "$(TARGET_NAME)";
				SWIFT_VERSION = 5.0;
				TARGETED_DEVICE_FAMILY = "1,2";
				TEST_HOST = "$(BUILT_PRODUCTS_DIR)/Assignment Notebook.app/Assignment Notebook";
			};
			name = Debug;
		};
		3F598CC525D19DB800AFDEDD /* Release */ = {
			isa = XCBuildConfiguration;
			buildSettings = {
				ALWAYS_EMBED_SWIFT_STANDARD_LIBRARIES = YES;
				BUNDLE_LOADER = "$(TEST_HOST)";
				CODE_SIGN_STYLE = Automatic;
				DEVELOPMENT_TEAM = ZYV9QLBU33;
				INFOPLIST_FILE = "Assignment NotebookTests/Info.plist";
				IPHONEOS_DEPLOYMENT_TARGET = 14.0;
				LD_RUNPATH_SEARCH_PATHS = (
					"$(inherited)",
					"@executable_path/Frameworks",
					"@loader_path/Frameworks",
				);
				PRODUCT_BUNDLE_IDENTIFIER = "SIM.Assignment-NotebookTests";
				PRODUCT_NAME = "$(TARGET_NAME)";
				SWIFT_VERSION = 5.0;
				TARGETED_DEVICE_FAMILY = "1,2";
				TEST_HOST = "$(BUILT_PRODUCTS_DIR)/Assignment Notebook.app/Assignment Notebook";
			};
			name = Release;
		};
		3F598CC725D19DB800AFDEDD /* Debug */ = {
			isa = XCBuildConfiguration;
			buildSettings = {
				ALWAYS_EMBED_SWIFT_STANDARD_LIBRARIES = YES;
				CODE_SIGN_STYLE = Automatic;
				DEVELOPMENT_TEAM = ZYV9QLBU33;
				INFOPLIST_FILE = "Assignment NotebookUITests/Info.plist";
				LD_RUNPATH_SEARCH_PATHS = (
					"$(inherited)",
					"@executable_path/Frameworks",
					"@loader_path/Frameworks",
				);
				PRODUCT_BUNDLE_IDENTIFIER = "SIM.Assignment-NotebookUITests";
				PRODUCT_NAME = "$(TARGET_NAME)";
				SWIFT_VERSION = 5.0;
				TARGETED_DEVICE_FAMILY = "1,2";
				TEST_TARGET_NAME = "Assignment Notebook";
			};
			name = Debug;
		};
		3F598CC825D19DB800AFDEDD /* Release */ = {
			isa = XCBuildConfiguration;
			buildSettings = {
				ALWAYS_EMBED_SWIFT_STANDARD_LIBRARIES = YES;
				CODE_SIGN_STYLE = Automatic;
				DEVELOPMENT_TEAM = ZYV9QLBU33;
				INFOPLIST_FILE = "Assignment NotebookUITests/Info.plist";
				LD_RUNPATH_SEARCH_PATHS = (
					"$(inherited)",
					"@executable_path/Frameworks",
					"@loader_path/Frameworks",
				);
				PRODUCT_BUNDLE_IDENTIFIER = "SIM.Assignment-NotebookUITests";
				PRODUCT_NAME = "$(TARGET_NAME)";
				SWIFT_VERSION = 5.0;
				TARGETED_DEVICE_FAMILY = "1,2";
				TEST_TARGET_NAME = "Assignment Notebook";
			};
			name = Release;
		};
/* End XCBuildConfiguration section */

/* Begin XCConfigurationList section */
		3F598C9625D19DB000AFDEDD /* Build configuration list for PBXProject "Assignment Notebook" */ = {
			isa = XCConfigurationList;
			buildConfigurations = (
				3F598CBE25D19DB800AFDEDD /* Debug */,
				3F598CBF25D19DB800AFDEDD /* Release */,
			);
			defaultConfigurationIsVisible = 0;
			defaultConfigurationName = Release;
		};
		3F598CC025D19DB800AFDEDD /* Build configuration list for PBXNativeTarget "Assignment Notebook" */ = {
			isa = XCConfigurationList;
			buildConfigurations = (
				3F598CC125D19DB800AFDEDD /* Debug */,
				3F598CC225D19DB800AFDEDD /* Release */,
			);
			defaultConfigurationIsVisible = 0;
			defaultConfigurationName = Release;
		};
		3F598CC325D19DB800AFDEDD /* Build configuration list for PBXNativeTarget "Assignment NotebookTests" */ = {
			isa = XCConfigurationList;
			buildConfigurations = (
				3F598CC425D19DB800AFDEDD /* Debug */,
				3F598CC525D19DB800AFDEDD /* Release */,
			);
			defaultConfigurationIsVisible = 0;
			defaultConfigurationName = Release;
		};
		3F598CC625D19DB800AFDEDD /* Build configuration list for PBXNativeTarget "Assignment NotebookUITests" */ = {
			isa = XCConfigurationList;
			buildConfigurations = (
				3F598CC725D19DB800AFDEDD /* Debug */,
				3F598CC825D19DB800AFDEDD /* Release */,
			);
			defaultConfigurationIsVisible = 0;
			defaultConfigurationName = Release;
		};
/* End XCConfigurationList section */
	};
	rootObject = 3F598C9325D19DB000AFDEDD /* Project object */;
}
